Microsoft Visual Studio Solution File, Format Version 12.00
# Visual Studio Version 17
MinimumVisualStudioVersion = 10.0.40219.1
Project("{6d0ce547-73d6-4ec8-acea-bb19d615b3cc}") = "ANTflow.Components", "ANTflow.Components\ANTflow.Components.csproj", "{b08cfb7f-7476-4ac9-83e1-5844b82b151b}"
EndProject

Global
	GlobalSection(SolutionConfigurationPlatforms) = preSolution
		Debug|Any CPU = Debug|Any CPU
		Release|Any CPU = Release|Any CPU
	EndGlobalSection
	GlobalSection(ProjectConfigurationPlatforms) = postSolution
		{b08cfb7f-7476-4ac9-83e1-5844b82b151b}.Debug|Any CPU.ActiveCfg = Debug|Any CPU
		{b08cfb7f-7476-4ac9-83e1-5844b82b151b}.Debug|Any CPU.Build.0 = Debug|Any CPU
		{b08cfb7f-7476-4ac9-83e1-5844b82b151b}.Release|Any CPU.ActiveCfg = Release|Any CPU
		{b08cfb7f-7476-4ac9-83e1-5844b82b151b}.Release|Any CPU.Build.0 = Release|Any CPU
	EndGlobalSection
EndGlobal
